// !$*UTF8*$!
{
	archiveVersion = 1;
	classes = {
	};
	objectVersion = 50;
	objects = {

/* Begin PBXBuildFile section */
		15118536243632AA007EC22E /* AppDelegate.swift in Sources */ = {isa = PBXBuildFile; fileRef = 15118535243632AA007EC22E /* AppDelegate.swift */; };
		15118538243632AA007EC22E /* SceneDelegate.swift in Sources */ = {isa = PBXBuildFile; fileRef = 15118537243632AA007EC22E /* SceneDelegate.swift */; };
		1511853D243632AA007EC22E /* Main.storyboard in Resources */ = {isa = PBXBuildFile; fileRef = 1511853B243632AA007EC22E /* Main.storyboard */; };
		1511853F243632AB007EC22E /* Assets.xcassets in Resources */ = {isa = PBXBuildFile; fileRef = 1511853E243632AB007EC22E /* Assets.xcassets */; };
		15118542243632AB007EC22E /* LaunchScreen.storyboard in Resources */ = {isa = PBXBuildFile; fileRef = 15118540243632AB007EC22E /* LaunchScreen.storyboard */; };
		1511854A243657A7007EC22E /* MainTableViewController.swift in Sources */ = {isa = PBXBuildFile; fileRef = 15118549243657A7007EC22E /* MainTableViewController.swift */; };
		159125A924375E4E00323437 /* CafeTableViewCell.swift in Sources */ = {isa = PBXBuildFile; fileRef = 159125A824375E4E00323437 /* CafeTableViewCell.swift */; };
		159125AD243764B600323437 /* CaffeModel.swift in Sources */ = {isa = PBXBuildFile; fileRef = 159125AC243764B600323437 /* CaffeModel.swift */; };
/* End PBXBuildFile section */

/* Begin PBXFileReference section */
		15118532243632AA007EC22E /* KafeShowSwift5.app */ = {isa = PBXFileReference; explicitFileType = wrapper.application; includeInIndex = 0; path = KafeShowSwift5.app; sourceTree = BUILT_PRODUCTS_DIR; };
		15118535243632AA007EC22E /* AppDelegate.swift */ = {isa = PBXFileReference; lastKnownFileType = sourcecode.swift; path = AppDelegate.swift; sourceTree = "<group>"; };
		15118537243632AA007EC22E /* SceneDelegate.swift */ = {isa = PBXFileReference; lastKnownFileType = sourcecode.swift; path = SceneDelegate.swift; sourceTree = "<group>"; };
		1511853C243632AA007EC22E /* Base */ = {isa = PBXFileReference; lastKnownFileType = file.storyboard; name = Base; path = Base.lproj/Main.storyboard; sourceTree = "<group>"; };
		1511853E243632AB007EC22E /* Assets.xcassets */ = {isa = PBXFileReference; lastKnownFileType = folder.assetcatalog; path = Assets.xcassets; sourceTree = "<group>"; };
		15118541243632AB007EC22E /* Base */ = {isa = PBXFileReference; lastKnownFileType = file.storyboard; name = Base; path = Base.lproj/LaunchScreen.storyboard; sourceTree = "<group>"; };
		15118543243632AB007EC22E /* Info.plist */ = {isa = PBXFileReference; lastKnownFileType = text.plist.xml; path = Info.plist; sourceTree = "<group>"; };
		15118549243657A7007EC22E /* MainTableViewController.swift */ = {isa = PBXFileReference; lastKnownFileType = sourcecode.swift; path = MainTableViewController.swift; sourceTree = "<group>"; };
		159125A824375E4E00323437 /* CafeTableViewCell.swift */ = {isa = PBXFileReference; lastKnownFileType = sourcecode.swift; path = CafeTableViewCell.swift; sourceTree = "<group>"; };
		159125AC243764B600323437 /* CaffeModel.swift */ = {isa = PBXFileReference; lastKnownFileType = sourcecode.swift; path = CaffeModel.swift; sourceTree = "<group>"; };
/* End PBXFileReference section */

/* Begin PBXFrameworksBuildPhase section */
		1511852F243632AA007EC22E /* Frameworks */ = {
			isa = PBXFrameworksBuildPhase;
			buildActionMask = 2147483647;
			files = (
			);
			runOnlyForDeploymentPostprocessing = 0;
		};
/* End PBXFrameworksBuildPhase section */

/* Begin PBXGroup section */
		15118529243632AA007EC22E = {
			isa = PBXGroup;
			children = (
				15118534243632AA007EC22E /* KafeShowSwift5 */,
				15118533243632AA007EC22E /* Products */,
			);
			sourceTree = "<group>";
		};
		15118533243632AA007EC22E /* Products */ = {
			isa = PBXGroup;
			children = (
				15118532243632AA007EC22E /* KafeShowSwift5.app */,
			);
			name = Products;
			sourceTree = "<group>";
		};
		15118534243632AA007EC22E /* KafeShowSwift5 */ = {
			isa = PBXGroup;
			children = (
				15118549243657A7007EC22E /* MainTableViewController.swift */,
				159125A824375E4E00323437 /* CafeTableViewCell.swift */,
				1511853B243632AA007EC22E /* Main.storyboard */,
				159125AC243764B600323437 /* CaffeModel.swift */,
				1511853E243632AB007EC22E /* Assets.xcassets */,
				15118535243632AA007EC22E /* AppDelegate.swift */,
				15118537243632AA007EC22E /* SceneDelegate.swift */,
				15118540243632AB007EC22E /* LaunchScreen.storyboard */,
				15118543243632AB007EC22E /* Info.plist */,
			);
			path = KafeShowSwift5;
			sourceTree = "<group>";
		};
/* End PBXGroup section */

/* Begin PBXNativeTarget section */
		15118531243632AA007EC22E /* KafeShowSwift5 */ = {
			isa = PBXNativeTarget;
			buildConfigurationList = 15118546243632AB007EC22E /* Build configuration list for PBXNativeTarget "KafeShowSwift5" */;
			buildPhases = (
				1511852E243632AA007EC22E /* Sources */,
				1511852F243632AA007EC22E /* Frameworks */,
				15118530243632AA007EC22E /* Resources */,
			);
			buildRules = (
			);
			dependencies = (
			);
			name = KafeShowSwift5;
			productName = KafeShowSwift5;
			productReference = 15118532243632AA007EC22E /* KafeShowSwift5.app */;
			productType = "com.apple.product-type.application";
		};
/* End PBXNativeTarget section */

/* Begin PBXProject section */
		1511852A243632AA007EC22E /* Project object */ = {
			isa = PBXProject;
			attributes = {
				LastSwiftUpdateCheck = 1140;
				LastUpgradeCheck = 1140;
				ORGANIZATIONNAME = volodiax;
				TargetAttributes = {
					15118531243632AA007EC22E = {
						CreatedOnToolsVersion = 11.4;
					};
				};
			};
			buildConfigurationList = 1511852D243632AA007EC22E /* Build configuration list for PBXProject "KafeShowSwift5" */;
			compatibilityVersion = "Xcode 9.3";
			developmentRegion = en;
			hasScannedForEncodings = 0;
			knownRegions = (
				en,
				Base,
			);
			mainGroup = 15118529243632AA007EC22E;
			productRefGroup = 15118533243632AA007EC22E /* Products */;
			projectDirPath = "";
			projectRoot = "";
			targets = (
				15118531243632AA007EC22E /* KafeShowSwift5 */,
			);
		};
/* End PBXProject section */

/* Begin PBXResourcesBuildPhase section */
		15118530243632AA007EC22E /* Resources */ = {
			isa = PBXResourcesBuildPhase;
			buildActionMask = 2147483647;
			files = (
				15118542243632AB007EC22E /* LaunchScreen.storyboard in Resources */,
				1511853F243632AB007EC22E /* Assets.xcassets in Resources */,
				1511853D243632AA007EC22E /* Main.storyboard in Resources */,
			);
			runOnlyForDeploymentPostprocessing = 0;
		};
/* End PBXResourcesBuildPhase section */

/* Begin PBXSourcesBuildPhase section */
		1511852E243632AA007EC22E /* Sources */ = {
			isa = PBXSourcesBuildPhase;
			buildActionMask = 2147483647;
			files = (
				159125A924375E4E00323437 /* CafeTableViewCell.swift in Sources */,
				15118536243632AA007EC22E /* AppDelegate.swift in Sources */,
				159125AD243764B600323437 /* CaffeModel.swift in Sources */,
				1511854A243657A7007EC22E /* MainTableViewController.swift in Sources */,
				15118538243632AA007EC22E /* SceneDelegate.swift in Sources */,
			);
			runOnlyForDeploymentPostprocessing = 0;
		};
/* End PBXSourcesBuildPhase section */

/* Begin PBXVariantGroup section */
		1511853B243632AA007EC22E /* Main.storyboard */ = {
			isa = PBXVariantGroup;
			children = (
				1511853C243632AA007EC22E /* Base */,
			);
			name = Main.storyboard;
			sourceTree = "<group>";
		};
		15118540243632AB007EC22E /* LaunchScreen.storyboard */ = {
			isa = PBXVariantGroup;
			children = (
				15118541243632AB007EC22E /* Base */,
			);
			name = LaunchScreen.storyboard;
			sourceTree = "<group>";
		};
/* End PBXVariantGroup section */

/* Begin XCBuildConfiguration section */
		15118544243632AB007EC22E /* Debug */ = {
			isa = XCBuildConfiguration;
			buildSettings = {
				ALWAYS_SEARCH_USER_PATHS = NO;
				CLANG_ANALYZER_NONNULL = YES;
				CLANG_ANALYZER_NUMBER_OBJECT_CONVERSION = YES_AGGRESSIVE;
				CLANG_CXX_LANGUAGE_STANDARD = "gnu++14";
				CLANG_CXX_LIBRARY = "libc++";
				CLANG_ENABLE_MODULES = YES;
				CLANG_ENABLE_OBJC_ARC = YES;
				CLANG_ENABLE_OBJC_WEAK = YES;
				CLANG_WARN_BLOCK_CAPTURE_AUTORELEASING = YES;
				CLANG_WARN_BOOL_CONVERSION = YES;
				CLANG_WARN_COMMA = YES;
				CLANG_WARN_CONSTANT_CONVERSION = YES;
				CLANG_WARN_DEPRECATED_OBJC_IMPLEMENTATIONS = YES;
				CLANG_WARN_DIRECT_OBJC_ISA_USAGE = YES_ERROR;
				CLANG_WARN_DOCUMENTATION_COMMENTS = YES;
				CLANG_WARN_EMPTY_BODY = YES;
				CLANG_WARN_ENUM_CONVERSION = YES;
				CLANG_WARN_INFINITE_RECURSION = YES;
				CLANG_WARN_INT_CONVERSION = YES;
				CLANG_WARN_NON_LITERAL_NULL_CONVERSION = YES;
				CLANG_WARN_OBJC_IMPLICIT_RETAIN_SELF = YES;
				CLANG_WARN_OBJC_LITERAL_CONVERSION = YES;
				CLANG_WARN_OBJC_ROOT_CLASS = YES_ERROR;
				CLANG_WARN_RANGE_LOOP_ANALYSIS = YES;
				CLANG_WARN_STRICT_PROTOTYPES = YES;
				CLANG_WARN_SUSPICIOUS_MOVE = YES;
				CLANG_WARN_UNGUARDED_AVAILABILITY = YES_AGGRESSIVE;
				CLANG_WARN_UNREACHABLE_CODE = YES;
				CLANG_WARN__DUPLICATE_METHOD_MATCH = YES;
				COPY_PHASE_STRIP = NO;
				DEBUG_INFORMATION_FORMAT = dwarf;
				ENABLE_STRICT_OBJC_MSGSEND = YES;
				ENABLE_TESTABILITY = YES;
				GCC_C_LANGUAGE_STANDARD = gnu11;
				GCC_DYNAMIC_NO_PIC = NO;
				GCC_NO_COMMON_BLOCKS = YES;
				GCC_OPTIMIZATION_LEVEL = 0;
				GCC_PREPROCESSOR_DEFINITIONS = (
					"DEBUG=1",
					"$(inherited)",
				);
				GCC_WARN_64_TO_32_BIT_CONVERSION = YES;
				GCC_WARN_ABOUT_RETURN_TYPE = YES_ERROR;
				GCC_WARN_UNDECLARED_SELECTOR = YES;
				GCC_WARN_UNINITIALIZED_AUTOS = YES_AGGRESSIVE;
				GCC_WARN_UNUSED_FUNCTION = YES;
				GCC_WARN_UNUSED_VARIABLE = YES;
				IPHONEOS_DEPLOYMENT_TARGET = 13.4;
				MTL_ENABLE_DEBUG_INFO = INCLUDE_SOURCE;
				MTL_FAST_MATH = YES;
				ONLY_ACTIVE_ARCH = YES;
				SDKROOT = iphoneos;
				SWIFT_ACTIVE_COMPILATION_CONDITIONS = DEBUG;
				SWIFT_OPTIMIZATION_LEVEL = "-Onone";
			};
			name = Debug;
		};
		15118545243632AB007EC22E /* Release */ = {
			isa = XCBuildConfiguration;
			buildSettings = {
				ALWAYS_SEARCH_USER_PATHS = NO;
				CLANG_ANALYZER_NONNULL = YES;
				CLANG_ANALYZER_NUMBER_OBJECT_CONVERSION = YES_AGGRESSIVE;
				CLANG_CXX_LANGUAGE_STANDARD = "gnu++14";
				CLANG_CXX_LIBRARY = "libc++";
				CLANG_ENABLE_MODULES = YES;
				CLANG_ENABLE_OBJC_ARC = YES;
				CLANG_ENABLE_OBJC_WEAK = YES;
				CLANG_WARN_BLOCK_CAPTURE_AUTORELEASING = YES;
				CLANG_WARN_BOOL_CONVERSION = YES;
				CLANG_WARN_COMMA = YES;
				CLANG_WARN_CONSTANT_CONVERSION = YES;
				CLANG_WARN_DEPRECATED_OBJC_IMPLEMENTATIONS = YES;
				CLANG_WARN_DIRECT_OBJC_ISA_USAGE = YES_ERROR;
				CLANG_WARN_DOCUMENTATION_COMMENTS = YES;
				CLANG_WARN_EMPTY_BODY = YES;
				CLANG_WARN_ENUM_CONVERSION = YES;
				CLANG_WARN_INFINITE_RECURSION = YES;
				CLANG_WARN_INT_CONVERSION = YES;
				CLANG_WARN_NON_LITERAL_NULL_CONVERSION = YES;
				CLANG_WARN_OBJC_IMPLICIT_RETAIN_SELF = YES;
				CLANG_WARN_OBJC_LITERAL_CONVERSION = YES;
				CLANG_WARN_OBJC_ROOT_CLASS = YES_ERROR;
				CLANG_WARN_RANGE_LOOP_ANALYSIS = YES;
				CLANG_WARN_STRICT_PROTOTYPES = YES;
				CLANG_WARN_SUSPICIOUS_MOVE = YES;
				CLANG_WARN_UNGUARDED_AVAILABILITY = YES_AGGRESSIVE;
				CLANG_WARN_UNREACHABLE_CODE = YES;
				CLANG_WARN__DUPLICATE_METHOD_MATCH = YES;
				COPY_PHASE_STRIP = NO;
				DEBUG_INFORMATION_FORMAT = "dwarf-with-dsym";
				ENABLE_NS_ASSERTIONS = NO;
				ENABLE_STRICT_OBJC_MSGSEND = YES;
				GCC_C_LANGUAGE_STANDARD = gnu11;
				GCC_NO_COMMON_BLOCKS = YES;
				GCC_WARN_64_TO_32_BIT_CONVERSION = YES;
				GCC_WARN_ABOUT_RETURN_TYPE = YES_ERROR;
				GCC_WARN_UNDECLARED_SELECTOR = YES;
				GCC_WARN_UNINITIALIZED_AUTOS = YES_AGGRESSIVE;
				GCC_WARN_UNUSED_FUNCTION = YES;
				GCC_WARN_UNUSED_VARIABLE = YES;
				IPHONEOS_DEPLOYMENT_TARGET = 13.4;
				MTL_ENABLE_DEBUG_INFO = NO;
				MTL_FAST_MATH = YES;
				SDKROOT = iphoneos;
				SWIFT_COMPILATION_MODE = wholemodule;
				SWIFT_OPTIMIZATION_LEVEL = "-O";
				VALIDATE_PRODUCT = YES;
			};
			name = Release;
		};
		15118547243632AB007EC22E /* Debug */ = {
			isa = XCBuildConfiguration;
			buildSettings = {
				ASSETCATALOG_COMPILER_APPICON_NAME = AppIcon;
				CODE_SIGN_STYLE = Automatic;
				DEVELOPMENT_TEAM = V8PUWS28VD;
				INFOPLIST_FILE = KafeShowSwift5/Info.plist;
				LD_RUNPATH_SEARCH_PATHS = (
					"$(inherited)",
					"@executable_path/Frameworks",
				);
				PRODUCT_BUNDLE_IDENTIFIER = com.volodiax.KafeShowSwift5;
				PRODUCT_NAME = "$(TARGET_NAME)";
				SWIFT_VERSION = 5.0;
				TARGETED_DEVICE_FAMILY = "1,2";
			};
			name = Debug;
		};
		15118548243632AB007EC22E /* Release */ = {
			isa = XCBuildConfiguration;
			buildSettings = {
				ASSETCATALOG_COMPILER_APPICON_NAME = AppIcon;
				CODE_SIGN_STYLE = Automatic;
				DEVELOPMENT_TEAM = V8PUWS28VD;
				INFOPLIST_FILE = KafeShowSwift5/Info.plist;
				LD_RUNPATH_SEARCH_PATHS = (
					"$(inherited)",
					"@executable_path/Frameworks",
				);
				PRODUCT_BUNDLE_IDENTIFIER = com.volodiax.KafeShowSwift5;
				PRODUCT_NAME = "$(TARGET_NAME)";
				SWIFT_VERSION = 5.0;
				TARGETED_DEVICE_FAMILY = "1,2";
			};
			name = Release;
		};
/* End XCBuildConfiguration section */

/* Begin XCConfigurationList section */
		1511852D243632AA007EC22E /* Build configuration list for PBXProject "KafeShowSwift5" */ = {
			isa = XCConfigurationList;
			buildConfigurations = (
				15118544243632AB007EC22E /* Debug */,
				15118545243632AB007EC22E /* Release */,
			);
			defaultConfigurationIsVisible = 0;
			defaultConfigurationName = Release;
		};
		15118546243632AB007EC22E /* Build configuration list for PBXNativeTarget "KafeShowSwift5" */ = {
			isa = XCConfigurationList;
			buildConfigurations = (
				15118547243632AB007EC22E /* Debug */,
				15118548243632AB007EC22E /* Release */,
			);
			defaultConfigurationIsVisible = 0;
			defaultConfigurationName = Release;
		};
/* End XCConfigurationList section */
	};
	rootObject = 1511852A243632AA007EC22E /* Project object */;
}
